
Microsoft Visual Studio Solution File, Format Version 12.00
# Visual Studio 15
VisualStudioVersion = 15.0.28307.1758
MinimumVisualStudioVersion = 10.0.40219.1
Project("{FAE04EC0-301F-11D3-BF4B-00C04F79EFBC}") = "Chatique", "Chatique\Chatique.csproj", "{FA409046-8159-4356-BE8D-A89BC8D10009}"
EndProject
Project("{FAE04EC0-301F-11D3-BF4B-00C04F79EFBC}") = "ChatiqueClient", "ChatiqueClient\ChatiqueClient.csproj", "{2715368F-EA53-479A-8A3B-6D60E8CC538F}"
EndProject
Project("{FAE04EC0-301F-11D3-BF4B-00C04F79EFBC}") = "ChatiqueWF", "ChatiqueWF\ChatiqueWF.csproj", "{E9C082F2-5AAA-4B06-8B57-2BC05931160F}"
EndProject
Project("{FAE04EC0-301F-11D3-BF4B-00C04F79EFBC}") = "ChatiqueWebGateway", "ChatiqueWebGateway\ChatiqueWebGateway.csproj", "{AB12607B-7936-4919-BB0D-D35B4473F0DD}"
EndProject
Global
	GlobalSection(SolutionConfigurationPlatforms) = preSolution
		Debug_Ubuntu|Any CPU = Debug_Ubuntu|Any CPU
		Debug|Any CPU = Debug|Any CPU
		Release_Ubuntu|Any CPU = Release_Ubuntu|Any CPU
		Release|Any CPU = Release|Any CPU
	EndGlobalSection
	GlobalSection(ProjectConfigurationPlatforms) = postSolution
		{FA409046-8159-4356-BE8D-A89BC8D10009}.Debug_Ubuntu|Any CPU.ActiveCfg = Debug|Any CPU
		{FA409046-8159-4356-BE8D-A89BC8D10009}.Debug_Ubuntu|Any CPU.Build.0 = Debug|Any CPU
		{FA409046-8159-4356-BE8D-A89BC8D10009}.Debug|Any CPU.ActiveCfg = Debug|Any CPU
		{FA409046-8159-4356-BE8D-A89BC8D10009}.Debug|Any CPU.Build.0 = Debug|Any CPU
		{FA409046-8159-4356-BE8D-A89BC8D10009}.Release_Ubuntu|Any CPU.ActiveCfg = Release|Any CPU
		{FA409046-8159-4356-BE8D-A89BC8D10009}.Release_Ubuntu|Any CPU.Build.0 = Release|Any CPU
		{FA409046-8159-4356-BE8D-A89BC8D10009}.Release|Any CPU.ActiveCfg = Release|Any CPU
		{FA409046-8159-4356-BE8D-A89BC8D10009}.Release|Any CPU.Build.0 = Release|Any CPU
		{2715368F-EA53-479A-8A3B-6D60E8CC538F}.Debug_Ubuntu|Any CPU.ActiveCfg = Debug|Any CPU
		{2715368F-EA53-479A-8A3B-6D60E8CC538F}.Debug_Ubuntu|Any CPU.Build.0 = Debug|Any CPU
		{2715368F-EA53-479A-8A3B-6D60E8CC538F}.Debug|Any CPU.ActiveCfg = Debug|Any CPU
		{2715368F-EA53-479A-8A3B-6D60E8CC538F}.Debug|Any CPU.Build.0 = Debug|Any CPU
		{2715368F-EA53-479A-8A3B-6D60E8CC538F}.Release_Ubuntu|Any CPU.ActiveCfg = Release|Any CPU
		{2715368F-EA53-479A-8A3B-6D60E8CC538F}.Release_Ubuntu|Any CPU.Build.0 = Release|Any CPU
		{2715368F-EA53-479A-8A3B-6D60E8CC538F}.Release|Any CPU.ActiveCfg = Release|Any CPU
		{2715368F-EA53-479A-8A3B-6D60E8CC538F}.Release|Any CPU.Build.0 = Release|Any CPU
		{E9C082F2-5AAA-4B06-8B57-2BC05931160F}.Debug_Ubuntu|Any CPU.ActiveCfg = Debug|Any CPU
		{E9C082F2-5AAA-4B06-8B57-2BC05931160F}.Debug_Ubuntu|Any CPU.Build.0 = Debug|Any CPU
		{E9C082F2-5AAA-4B06-8B57-2BC05931160F}.Debug|Any CPU.ActiveCfg = Debug|Any CPU
		{E9C082F2-5AAA-4B06-8B57-2BC05931160F}.Debug|Any CPU.Build.0 = Debug|Any CPU
		{E9C082F2-5AAA-4B06-8B57-2BC05931160F}.Release_Ubuntu|Any CPU.ActiveCfg = Release|Any CPU
		{E9C082F2-5AAA-4B06-8B57-2BC05931160F}.Release_Ubuntu|Any CPU.Build.0 = Release|Any CPU
		{E9C082F2-5AAA-4B06-8B57-2BC05931160F}.Release|Any CPU.ActiveCfg = Release|Any CPU
		{E9C082F2-5AAA-4B06-8B57-2BC05931160F}.Release|Any CPU.Build.0 = Release|Any CPU
		{AB12607B-7936-4919-BB0D-D35B4473F0DD}.Debug_Ubuntu|Any CPU.ActiveCfg = Debug|Any CPU
		{AB12607B-7936-4919-BB0D-D35B4473F0DD}.Debug_Ubuntu|Any CPU.Build.0 = Debug|Any CPU
		{AB12607B-7936-4919-BB0D-D35B4473F0DD}.Debug|Any CPU.ActiveCfg = Debug|Any CPU
		{AB12607B-7936-4919-BB0D-D35B4473F0DD}.Debug|Any CPU.Build.0 = Debug|Any CPU
		{AB12607B-7936-4919-BB0D-D35B4473F0DD}.Release_Ubuntu|Any CPU.ActiveCfg = Release|Any CPU
		{AB12607B-7936-4919-BB0D-D35B4473F0DD}.Release_Ubuntu|Any CPU.Build.0 = Release|Any CPU
		{AB12607B-7936-4919-BB0D-D35B4473F0DD}.Release|Any CPU.ActiveCfg = Release|Any CPU
		{AB12607B-7936-4919-BB0D-D35B4473F0DD}.Release|Any CPU.Build.0 = Release|Any CPU
	EndGlobalSection
	GlobalSection(SolutionProperties) = preSolution
		HideSolutionNode = FALSE
	EndGlobalSection
	GlobalSection(ExtensibilityGlobals) = postSolution
		SolutionGuid = {71A1AE36-152B-4353-94F5-22CABE73AB22}
	EndGlobalSection
EndGlobal
